{
  "object": {
    "pins": [
      {
        "package": "unixTools",
        "repositoryURL": "https://github.com/rahyoung/unixTools.git",
        "state": {
          "branch": null,
          "revision": "1a423c08fdb906bc8a50fdffae4e57d41316654f",
          "version": null
        }
      }
    ]
  },
  "version": 1
}
